// !$*UTF8*$!
{
	archiveVersion = 1;
	classes = {
	};
	objectVersion = 56;
	objects = {

/* Begin PBXBuildFile section */
		60DB64522C4FA616005079D8 /* main.c in Sources */ = {isa = PBXBuildFile; fileRef = 60DB64512C4FA616005079D8 /* main.c */; };
		60DB645A2C4FACA6005079D8 /* chicken_count.c in Sources */ = {isa = PBXBuildFile; fileRef = 60DB64592C4FACA6005079D8 /* chicken_count.c */; };
		60DB645F2C50AD74005079D8 /* arithmetic_symbol.c in Sources */ = {isa = PBXBuildFile; fileRef = 60DB645E2C50AD74005079D8 /* arithmetic_symbol.c */; };
		60F3D9F82C536257002121FC /* rabbit_reproduction.c in Sources */ = {isa = PBXBuildFile; fileRef = 60F3D9F72C536257002121FC /* rabbit_reproduction.c */; };
/* End PBXBuildFile section */

/* Begin PBXCopyFilesBuildPhase section */
		60DB644C2C4FA616005079D8 /* CopyFiles */ = {
			isa = PBXCopyFilesBuildPhase;
			buildActionMask = 2147483647;
			dstPath = /usr/share/man/man1/;
			dstSubfolderSpec = 0;
			files = (
			);
			runOnlyForDeploymentPostprocessing = 1;
		};
/* End PBXCopyFilesBuildPhase section */

/* Begin PBXFileReference section */
		60DB644E2C4FA616005079D8 /* AlgorithmExercises */ = {isa = PBXFileReference; explicitFileType = "compiled.mach-o.executable"; includeInIndex = 0; path = AlgorithmExercises; sourceTree = BUILT_PRODUCTS_DIR; };
		60DB64512C4FA616005079D8 /* main.c */ = {isa = PBXFileReference; lastKnownFileType = sourcecode.c.c; path = main.c; sourceTree = "<group>"; };
		60DB64582C4FACA6005079D8 /* chicken_count.h */ = {isa = PBXFileReference; lastKnownFileType = sourcecode.c.h; path = chicken_count.h; sourceTree = "<group>"; };
		60DB64592C4FACA6005079D8 /* chicken_count.c */ = {isa = PBXFileReference; lastKnownFileType = sourcecode.c.c; path = chicken_count.c; sourceTree = "<group>"; };
		60DB645D2C50AD74005079D8 /* arithmetic_symbol.h */ = {isa = PBXFileReference; lastKnownFileType = sourcecode.c.h; path = arithmetic_symbol.h; sourceTree = "<group>"; };
		60DB645E2C50AD74005079D8 /* arithmetic_symbol.c */ = {isa = PBXFileReference; lastKnownFileType = sourcecode.c.c; path = arithmetic_symbol.c; sourceTree = "<group>"; };
		60F3D9F62C536257002121FC /* rabbit_reproduction.h */ = {isa = PBXFileReference; lastKnownFileType = sourcecode.c.h; path = rabbit_reproduction.h; sourceTree = "<group>"; };
		60F3D9F72C536257002121FC /* rabbit_reproduction.c */ = {isa = PBXFileReference; lastKnownFileType = sourcecode.c.c; path = rabbit_reproduction.c; sourceTree = "<group>"; };
/* End PBXFileReference section */

/* Begin PBXFrameworksBuildPhase section */
		60DB644B2C4FA616005079D8 /* Frameworks */ = {
			isa = PBXFrameworksBuildPhase;
			buildActionMask = 2147483647;
			files = (
			);
			runOnlyForDeploymentPostprocessing = 0;
		};
/* End PBXFrameworksBuildPhase section */

/* Begin PBXGroup section */
		60DB64452C4FA616005079D8 = {
			isa = PBXGroup;
			children = (
				60DB64502C4FA616005079D8 /* AlgorithmExercises */,
				60DB644F2C4FA616005079D8 /* Products */,
			);
			sourceTree = "<group>";
		};
		60DB644F2C4FA616005079D8 /* Products */ = {
			isa = PBXGroup;
			children = (
				60DB644E2C4FA616005079D8 /* AlgorithmExercises */,
			);
			name = Products;
			sourceTree = "<group>";
		};
		60DB64502C4FA616005079D8 /* AlgorithmExercises */ = {
			isa = PBXGroup;
			children = (
				60DB64512C4FA616005079D8 /* main.c */,
				60DB645B2C4FACEE005079D8 /* include */,
				60DB645C2C4FAD01005079D8 /* src */,
			);
			path = AlgorithmExercises;
			sourceTree = "<group>";
		};
		60DB645B2C4FACEE005079D8 /* include */ = {
			isa = PBXGroup;
			children = (
				60DB64582C4FACA6005079D8 /* chicken_count.h */,
				60DB645D2C50AD74005079D8 /* arithmetic_symbol.h */,
				60F3D9F62C536257002121FC /* rabbit_reproduction.h */,
			);
			path = include;
			sourceTree = "<group>";
		};
		60DB645C2C4FAD01005079D8 /* src */ = {
			isa = PBXGroup;
			children = (
				60DB64592C4FACA6005079D8 /* chicken_count.c */,
				60DB645E2C50AD74005079D8 /* arithmetic_symbol.c */,
				60F3D9F72C536257002121FC /* rabbit_reproduction.c */,
			);
			path = src;
			sourceTree = "<group>";
		};
/* End PBXGroup section */

/* Begin PBXNativeTarget section */
		60DB644D2C4FA616005079D8 /* AlgorithmExercises */ = {
			isa = PBXNativeTarget;
			buildConfigurationList = 60DB64552C4FA616005079D8 /* Build configuration list for PBXNativeTarget "AlgorithmExercises" */;
			buildPhases = (
				60DB644A2C4FA616005079D8 /* Sources */,
				60DB644B2C4FA616005079D8 /* Frameworks */,
				60DB644C2C4FA616005079D8 /* CopyFiles */,
			);
			buildRules = (
			);
			dependencies = (
			);
			name = AlgorithmExercises;
			productName = AlgorithmExercises;
			productReference = 60DB644E2C4FA616005079D8 /* AlgorithmExercises */;
			productType = "com.apple.product-type.tool";
		};
/* End PBXNativeTarget section */

/* Begin PBXProject section */
		60DB64462C4FA616005079D8 /* Project object */ = {
			isa = PBXProject;
			attributes = {
				BuildIndependentTargetsInParallel = 1;
				LastUpgradeCheck = 1540;
				TargetAttributes = {
					60DB644D2C4FA616005079D8 = {
						CreatedOnToolsVersion = 15.4;
					};
				};
			};
			buildConfigurationList = 60DB64492C4FA616005079D8 /* Build configuration list for PBXProject "AlgorithmExercises" */;
			compatibilityVersion = "Xcode 14.0";
			developmentRegion = en;
			hasScannedForEncodings = 0;
			knownRegions = (
				en,
				Base,
			);
			mainGroup = 60DB64452C4FA616005079D8;
			productRefGroup = 60DB644F2C4FA616005079D8 /* Products */;
			projectDirPath = "";
			projectRoot = "";
			targets = (
				60DB644D2C4FA616005079D8 /* AlgorithmExercises */,
			);
		};
/* End PBXProject section */

/* Begin PBXSourcesBuildPhase section */
		60DB644A2C4FA616005079D8 /* Sources */ = {
			isa = PBXSourcesBuildPhase;
			buildActionMask = 2147483647;
			files = (
				60DB645F2C50AD74005079D8 /* arithmetic_symbol.c in Sources */,
				60DB64522C4FA616005079D8 /* main.c in Sources */,
				60DB645A2C4FACA6005079D8 /* chicken_count.c in Sources */,
				60F3D9F82C536257002121FC /* rabbit_reproduction.c in Sources */,
			);
			runOnlyForDeploymentPostprocessing = 0;
		};
/* End PBXSourcesBuildPhase section */

/* Begin XCBuildConfiguration section */
		60DB64532C4FA616005079D8 /* Debug */ = {
			isa = XCBuildConfiguration;
			buildSettings = {
				ALWAYS_SEARCH_USER_PATHS = NO;
				ASSETCATALOG_COMPILER_GENERATE_SWIFT_ASSET_SYMBOL_EXTENSIONS = YES;
				CLANG_ANALYZER_NONNULL = YES;
				CLANG_ANALYZER_NUMBER_OBJECT_CONVERSION = YES_AGGRESSIVE;
				CLANG_CXX_LANGUAGE_STANDARD = "gnu++20";
				CLANG_ENABLE_MODULES = YES;
				CLANG_ENABLE_OBJC_ARC = YES;
				CLANG_ENABLE_OBJC_WEAK = YES;
				CLANG_WARN_BLOCK_CAPTURE_AUTORELEASING = YES;
				CLANG_WARN_BOOL_CONVERSION = YES;
				CLANG_WARN_COMMA = YES;
				CLANG_WARN_CONSTANT_CONVERSION = YES;
				CLANG_WARN_DEPRECATED_OBJC_IMPLEMENTATIONS = YES;
				CLANG_WARN_DIRECT_OBJC_ISA_USAGE = YES_ERROR;
				CLANG_WARN_DOCUMENTATION_COMMENTS = YES;
				CLANG_WARN_EMPTY_BODY = YES;
				CLANG_WARN_ENUM_CONVERSION = YES;
				CLANG_WARN_INFINITE_RECURSION = YES;
				CLANG_WARN_INT_CONVERSION = YES;
				CLANG_WARN_NON_LITERAL_NULL_CONVERSION = YES;
				CLANG_WARN_OBJC_IMPLICIT_RETAIN_SELF = YES;
				CLANG_WARN_OBJC_LITERAL_CONVERSION = YES;
				CLANG_WARN_OBJC_ROOT_CLASS = YES_ERROR;
				CLANG_WARN_QUOTED_INCLUDE_IN_FRAMEWORK_HEADER = YES;
				CLANG_WARN_RANGE_LOOP_ANALYSIS = YES;
				CLANG_WARN_STRICT_PROTOTYPES = YES;
				CLANG_WARN_SUSPICIOUS_MOVE = YES;
				CLANG_WARN_UNGUARDED_AVAILABILITY = YES_AGGRESSIVE;
				CLANG_WARN_UNREACHABLE_CODE = YES;
				CLANG_WARN__DUPLICATE_METHOD_MATCH = YES;
				COPY_PHASE_STRIP = NO;
				DEBUG_INFORMATION_FORMAT = dwarf;
				ENABLE_STRICT_OBJC_MSGSEND = YES;
				ENABLE_TESTABILITY = YES;
				ENABLE_USER_SCRIPT_SANDBOXING = YES;
				GCC_C_LANGUAGE_STANDARD = gnu17;
				GCC_DYNAMIC_NO_PIC = NO;
				GCC_NO_COMMON_BLOCKS = YES;
				GCC_OPTIMIZATION_LEVEL = 0;
				GCC_PREPROCESSOR_DEFINITIONS = (
					"DEBUG=1",
					"$(inherited)",
				);
				GCC_WARN_64_TO_32_BIT_CONVERSION = YES;
				GCC_WARN_ABOUT_RETURN_TYPE = YES_ERROR;
				GCC_WARN_UNDECLARED_SELECTOR = YES;
				GCC_WARN_UNINITIALIZED_AUTOS = YES_AGGRESSIVE;
				GCC_WARN_UNUSED_FUNCTION = YES;
				GCC_WARN_UNUSED_VARIABLE = YES;
				LOCALIZATION_PREFERS_STRING_CATALOGS = YES;
				MACOSX_DEPLOYMENT_TARGET = 14.5;
				MTL_ENABLE_DEBUG_INFO = INCLUDE_SOURCE;
				MTL_FAST_MATH = YES;
				ONLY_ACTIVE_ARCH = YES;
				SDKROOT = macosx;
			};
			name = Debug;
		};
		60DB64542C4FA616005079D8 /* Release */ = {
			isa = XCBuildConfiguration;
			buildSettings = {
				ALWAYS_SEARCH_USER_PATHS = NO;
				ASSETCATALOG_COMPILER_GENERATE_SWIFT_ASSET_SYMBOL_EXTENSIONS = YES;
				CLANG_ANALYZER_NONNULL = YES;
				CLANG_ANALYZER_NUMBER_OBJECT_CONVERSION = YES_AGGRESSIVE;
				CLANG_CXX_LANGUAGE_STANDARD = "gnu++20";
				CLANG_ENABLE_MODULES = YES;
				CLANG_ENABLE_OBJC_ARC = YES;
				CLANG_ENABLE_OBJC_WEAK = YES;
				CLANG_WARN_BLOCK_CAPTURE_AUTORELEASING = YES;
				CLANG_WARN_BOOL_CONVERSION = YES;
				CLANG_WARN_COMMA = YES;
				CLANG_WARN_CONSTANT_CONVERSION = YES;
				CLANG_WARN_DEPRECATED_OBJC_IMPLEMENTATIONS = YES;
				CLANG_WARN_DIRECT_OBJC_ISA_USAGE = YES_ERROR;
				CLANG_WARN_DOCUMENTATION_COMMENTS = YES;
				CLANG_WARN_EMPTY_BODY = YES;
				CLANG_WARN_ENUM_CONVERSION = YES;
				CLANG_WARN_INFINITE_RECURSION = YES;
				CLANG_WARN_INT_CONVERSION = YES;
				CLANG_WARN_NON_LITERAL_NULL_CONVERSION = YES;
				CLANG_WARN_OBJC_IMPLICIT_RETAIN_SELF = YES;
				CLANG_WARN_OBJC_LITERAL_CONVERSION = YES;
				CLANG_WARN_OBJC_ROOT_CLASS = YES_ERROR;
				CLANG_WARN_QUOTED_INCLUDE_IN_FRAMEWORK_HEADER = YES;
				CLANG_WARN_RANGE_LOOP_ANALYSIS = YES;
				CLANG_WARN_STRICT_PROTOTYPES = YES;
				CLANG_WARN_SUSPICIOUS_MOVE = YES;
				CLANG_WARN_UNGUARDED_AVAILABILITY = YES_AGGRESSIVE;
				CLANG_WARN_UNREACHABLE_CODE = YES;
				CLANG_WARN__DUPLICATE_METHOD_MATCH = YES;
				COPY_PHASE_STRIP = NO;
				DEBUG_INFORMATION_FORMAT = "dwarf-with-dsym";
				ENABLE_NS_ASSERTIONS = NO;
				ENABLE_STRICT_OBJC_MSGSEND = YES;
				ENABLE_USER_SCRIPT_SANDBOXING = YES;
				GCC_C_LANGUAGE_STANDARD = gnu17;
				GCC_NO_COMMON_BLOCKS = YES;
				GCC_WARN_64_TO_32_BIT_CONVERSION = YES;
				GCC_WARN_ABOUT_RETURN_TYPE = YES_ERROR;
				GCC_WARN_UNDECLARED_SELECTOR = YES;
				GCC_WARN_UNINITIALIZED_AUTOS = YES_AGGRESSIVE;
				GCC_WARN_UNUSED_FUNCTION = YES;
				GCC_WARN_UNUSED_VARIABLE = YES;
				LOCALIZATION_PREFERS_STRING_CATALOGS = YES;
				MACOSX_DEPLOYMENT_TARGET = 14.5;
				MTL_ENABLE_DEBUG_INFO = NO;
				MTL_FAST_MATH = YES;
				SDKROOT = macosx;
			};
			name = Release;
		};
		60DB64562C4FA616005079D8 /* Debug */ = {
			isa = XCBuildConfiguration;
			buildSettings = {
				CODE_SIGN_STYLE = Automatic;
				PRODUCT_NAME = "$(TARGET_NAME)";
			};
			name = Debug;
		};
		60DB64572C4FA616005079D8 /* Release */ = {
			isa = XCBuildConfiguration;
			buildSettings = {
				CODE_SIGN_STYLE = Automatic;
				PRODUCT_NAME = "$(TARGET_NAME)";
			};
			name = Release;
		};
/* End XCBuildConfiguration section */

/* Begin XCConfigurationList section */
		60DB64492C4FA616005079D8 /* Build configuration list for PBXProject "AlgorithmExercises" */ = {
			isa = XCConfigurationList;
			buildConfigurations = (
				60DB64532C4FA616005079D8 /* Debug */,
				60DB64542C4FA616005079D8 /* Release */,
			);
			defaultConfigurationIsVisible = 0;
			defaultConfigurationName = Release;
		};
		60DB64552C4FA616005079D8 /* Build configuration list for PBXNativeTarget "AlgorithmExercises" */ = {
			isa = XCConfigurationList;
			buildConfigurations = (
				60DB64562C4FA616005079D8 /* Debug */,
				60DB64572C4FA616005079D8 /* Release */,
			);
			defaultConfigurationIsVisible = 0;
			defaultConfigurationName = Release;
		};
/* End XCConfigurationList section */
	};
	rootObject = 60DB64462C4FA616005079D8 /* Project object */;
}
